// !$*UTF8*$!
{
	archiveVersion = 1;
	classes = {
	};
	objectVersion = 46;
	objects = {

/* Begin PBXBuildFile section */
		2AAF54A51E7FD42500BD4105 /* TournamentScorer.swift in Sources */ = {isa = PBXBuildFile; fileRef = 2AAF54A41E7FD42500BD4105 /* TournamentScorer.swift */; };
		2AAF54AB1E811BCD00BD4105 /* UserDefaultsExtension.swift in Sources */ = {isa = PBXBuildFile; fileRef = 2AAF54AA1E811BCD00BD4105 /* UserDefaultsExtension.swift */; };
		2AAF54AE1E811F0500BD4105 /* Main.storyboard in Resources */ = {isa = PBXBuildFile; fileRef = 2AAF54AC1E811F0500BD4105 /* Main.storyboard */; };
		2AAF54B01E811FCF00BD4105 /* StoryboardExtension.swift in Sources */ = {isa = PBXBuildFile; fileRef = 2AAF54AF1E811FCF00BD4105 /* StoryboardExtension.swift */; };
		2AAF54B21E81215300BD4105 /* NavigationControllerExtension.swift in Sources */ = {isa = PBXBuildFile; fileRef = 2AAF54B11E81215300BD4105 /* NavigationControllerExtension.swift */; };
		2AAF54B41E8156E500BD4105 /* AddFooterView.swift in Sources */ = {isa = PBXBuildFile; fileRef = 2AAF54B31E8156E500BD4105 /* AddFooterView.swift */; };
		2AAF54B61E8156F800BD4105 /* AddFooterView.xib in Resources */ = {isa = PBXBuildFile; fileRef = 2AAF54B51E8156F800BD4105 /* AddFooterView.xib */; };
		2AAF54B91E81660E00BD4105 /* ViewExtension.swift in Sources */ = {isa = PBXBuildFile; fileRef = 2AAF54B81E81660E00BD4105 /* ViewExtension.swift */; };
		2AAF54BB1E816BFC00BD4105 /* EditTournamentViewController.swift in Sources */ = {isa = PBXBuildFile; fileRef = 2AAF54BA1E816BFC00BD4105 /* EditTournamentViewController.swift */; };
		2AAF54BD1E816C6C00BD4105 /* EditTournamentViewController.xib in Resources */ = {isa = PBXBuildFile; fileRef = 2AAF54BC1E816C6C00BD4105 /* EditTournamentViewController.xib */; };
		2AAF54BF1E816D3D00BD4105 /* UITableViewExtension.swift in Sources */ = {isa = PBXBuildFile; fileRef = 2AAF54BE1E816D3D00BD4105 /* UITableViewExtension.swift */; };
		2AAF54C11E816DA400BD4105 /* UITableViewCellExtension.swift in Sources */ = {isa = PBXBuildFile; fileRef = 2AAF54C01E816DA400BD4105 /* UITableViewCellExtension.swift */; };
		9F9853541E7D4AE40089AAE6 /* TournamentsViewController.swift in Sources */ = {isa = PBXBuildFile; fileRef = 9F9853531E7D4AE40089AAE6 /* TournamentsViewController.swift */; };
		9F9853581E7D4B120089AAE6 /* Assets.xcassets in Resources */ = {isa = PBXBuildFile; fileRef = 9F9853561E7D4B120089AAE6 /* Assets.xcassets */; };
		9F9853601E7D4B470089AAE6 /* AppDelegate.swift in Sources */ = {isa = PBXBuildFile; fileRef = 9F98535A1E7D4B470089AAE6 /* AppDelegate.swift */; };
		9F9853611E7D4B470089AAE6 /* LaunchScreen.storyboard in Resources */ = {isa = PBXBuildFile; fileRef = 9F98535C1E7D4B470089AAE6 /* LaunchScreen.storyboard */; };
		9F9853621E7D4B470089AAE6 /* Tournament.storyboard in Resources */ = {isa = PBXBuildFile; fileRef = 9F98535E1E7D4B470089AAE6 /* Tournament.storyboard */; };
		9F9853641E7DF08C0089AAE6 /* Player.swift in Sources */ = {isa = PBXBuildFile; fileRef = 9F9853631E7DF08C0089AAE6 /* Player.swift */; };
		9F9853671E7DF1EA0089AAE6 /* PlayerSummaryCell.swift in Sources */ = {isa = PBXBuildFile; fileRef = 9F9853661E7DF1EA0089AAE6 /* PlayerSummaryCell.swift */; };
		9F9853691E7DF2D00089AAE6 /* PlayerSummaryCell.xib in Resources */ = {isa = PBXBuildFile; fileRef = 9F9853681E7DF2D00089AAE6 /* PlayerSummaryCell.xib */; };
		9F98536B1E7DF7AD0089AAE6 /* Game.swift in Sources */ = {isa = PBXBuildFile; fileRef = 9F98536A1E7DF7AD0089AAE6 /* Game.swift */; };
		9F98536D1E7E08050089AAE6 /* Tournament.swift in Sources */ = {isa = PBXBuildFile; fileRef = 9F98536C1E7E08050089AAE6 /* Tournament.swift */; };
		9F98536F1E7E08D10089AAE6 /* Team.swift in Sources */ = {isa = PBXBuildFile; fileRef = 9F98536E1E7E08D10089AAE6 /* Team.swift */; };
		9F9853711E7E60870089AAE6 /* Score.swift in Sources */ = {isa = PBXBuildFile; fileRef = 9F9853701E7E60870089AAE6 /* Score.swift */; };
		9FC9E66F1E7ED9BC00AA1CDC /* TournamentCell.swift in Sources */ = {isa = PBXBuildFile; fileRef = 9FC9E66E1E7ED9BC00AA1CDC /* TournamentCell.swift */; };
		9FC9E6711E7ED9C700AA1CDC /* TournamentCell.xib in Resources */ = {isa = PBXBuildFile; fileRef = 9FC9E6701E7ED9C700AA1CDC /* TournamentCell.xib */; };
		9FC9E6731E80A04500AA1CDC /* MasterViewController.swift in Sources */ = {isa = PBXBuildFile; fileRef = 9FC9E6721E80A04500AA1CDC /* MasterViewController.swift */; };
		9FC9E6771E80A57200AA1CDC /* LeaderboardViewController.swift in Sources */ = {isa = PBXBuildFile; fileRef = 9FC9E6761E80A57200AA1CDC /* LeaderboardViewController.swift */; };
		9FC9E6791E8106A400AA1CDC /* BaseTournamentViewController.swift in Sources */ = {isa = PBXBuildFile; fileRef = 9FC9E6781E8106A400AA1CDC /* BaseTournamentViewController.swift */; };
/* End PBXBuildFile section */

/* Begin PBXFileReference section */
		2AAF54A41E7FD42500BD4105 /* TournamentScorer.swift */ = {isa = PBXFileReference; fileEncoding = 4; lastKnownFileType = sourcecode.swift; path = TournamentScorer.swift; sourceTree = "<group>"; };
		2AAF54AA1E811BCD00BD4105 /* UserDefaultsExtension.swift */ = {isa = PBXFileReference; fileEncoding = 4; lastKnownFileType = sourcecode.swift; path = UserDefaultsExtension.swift; sourceTree = "<group>"; };
		2AAF54AD1E811F0500BD4105 /* Base */ = {isa = PBXFileReference; lastKnownFileType = file.storyboard; name = Base; path = Base.lproj/Main.storyboard; sourceTree = "<group>"; };
		2AAF54AF1E811FCF00BD4105 /* StoryboardExtension.swift */ = {isa = PBXFileReference; fileEncoding = 4; lastKnownFileType = sourcecode.swift; path = StoryboardExtension.swift; sourceTree = "<group>"; };
		2AAF54B11E81215300BD4105 /* NavigationControllerExtension.swift */ = {isa = PBXFileReference; fileEncoding = 4; lastKnownFileType = sourcecode.swift; path = NavigationControllerExtension.swift; sourceTree = "<group>"; };
		2AAF54B31E8156E500BD4105 /* AddFooterView.swift */ = {isa = PBXFileReference; fileEncoding = 4; lastKnownFileType = sourcecode.swift; path = AddFooterView.swift; sourceTree = "<group>"; };
		2AAF54B51E8156F800BD4105 /* AddFooterView.xib */ = {isa = PBXFileReference; fileEncoding = 4; lastKnownFileType = file.xib; path = AddFooterView.xib; sourceTree = "<group>"; };
		2AAF54B81E81660E00BD4105 /* ViewExtension.swift */ = {isa = PBXFileReference; fileEncoding = 4; lastKnownFileType = sourcecode.swift; path = ViewExtension.swift; sourceTree = "<group>"; };
		2AAF54BA1E816BFC00BD4105 /* EditTournamentViewController.swift */ = {isa = PBXFileReference; fileEncoding = 4; lastKnownFileType = sourcecode.swift; path = EditTournamentViewController.swift; sourceTree = "<group>"; };
		2AAF54BC1E816C6C00BD4105 /* EditTournamentViewController.xib */ = {isa = PBXFileReference; fileEncoding = 4; lastKnownFileType = file.xib; path = EditTournamentViewController.xib; sourceTree = "<group>"; };
		2AAF54BE1E816D3D00BD4105 /* UITableViewExtension.swift */ = {isa = PBXFileReference; fileEncoding = 4; lastKnownFileType = sourcecode.swift; path = UITableViewExtension.swift; sourceTree = "<group>"; };
		2AAF54C01E816DA400BD4105 /* UITableViewCellExtension.swift */ = {isa = PBXFileReference; fileEncoding = 4; lastKnownFileType = sourcecode.swift; path = UITableViewCellExtension.swift; sourceTree = "<group>"; };
		9F98532D1E7D3EC00089AAE6 /* TournamentScorer.app */ = {isa = PBXFileReference; explicitFileType = wrapper.application; includeInIndex = 0; path = TournamentScorer.app; sourceTree = BUILT_PRODUCTS_DIR; };
		9F9853531E7D4AE40089AAE6 /* TournamentsViewController.swift */ = {isa = PBXFileReference; fileEncoding = 4; lastKnownFileType = sourcecode.swift; path = TournamentsViewController.swift; sourceTree = "<group>"; };
		9F9853561E7D4B120089AAE6 /* Assets.xcassets */ = {isa = PBXFileReference; lastKnownFileType = folder.assetcatalog; path = Assets.xcassets; sourceTree = "<group>"; };
		9F9853571E7D4B120089AAE6 /* Info.plist */ = {isa = PBXFileReference; fileEncoding = 4; lastKnownFileType = text.plist.xml; path = Info.plist; sourceTree = "<group>"; };
		9F98535A1E7D4B470089AAE6 /* AppDelegate.swift */ = {isa = PBXFileReference; fileEncoding = 4; lastKnownFileType = sourcecode.swift; path = AppDelegate.swift; sourceTree = "<group>"; };
		9F98535D1E7D4B470089AAE6 /* Base */ = {isa = PBXFileReference; lastKnownFileType = file.storyboard; name = Base; path = LaunchScreen.storyboard; sourceTree = "<group>"; };
		9F98535F1E7D4B470089AAE6 /* Base */ = {isa = PBXFileReference; lastKnownFileType = file.storyboard; name = Base; path = Tournament.storyboard; sourceTree = "<group>"; };
		9F9853631E7DF08C0089AAE6 /* Player.swift */ = {isa = PBXFileReference; fileEncoding = 4; lastKnownFileType = sourcecode.swift; path = Player.swift; sourceTree = "<group>"; };
		9F9853661E7DF1EA0089AAE6 /* PlayerSummaryCell.swift */ = {isa = PBXFileReference; fileEncoding = 4; lastKnownFileType = sourcecode.swift; path = PlayerSummaryCell.swift; sourceTree = "<group>"; };
		9F9853681E7DF2D00089AAE6 /* PlayerSummaryCell.xib */ = {isa = PBXFileReference; fileEncoding = 4; lastKnownFileType = file.xib; path = PlayerSummaryCell.xib; sourceTree = "<group>"; };
		9F98536A1E7DF7AD0089AAE6 /* Game.swift */ = {isa = PBXFileReference; fileEncoding = 4; lastKnownFileType = sourcecode.swift; path = Game.swift; sourceTree = "<group>"; };
		9F98536C1E7E08050089AAE6 /* Tournament.swift */ = {isa = PBXFileReference; fileEncoding = 4; lastKnownFileType = sourcecode.swift; path = Tournament.swift; sourceTree = "<group>"; };
		9F98536E1E7E08D10089AAE6 /* Team.swift */ = {isa = PBXFileReference; fileEncoding = 4; lastKnownFileType = sourcecode.swift; path = Team.swift; sourceTree = "<group>"; };
		9F9853701E7E60870089AAE6 /* Score.swift */ = {isa = PBXFileReference; fileEncoding = 4; lastKnownFileType = sourcecode.swift; path = Score.swift; sourceTree = "<group>"; };
		9FC9E66E1E7ED9BC00AA1CDC /* TournamentCell.swift */ = {isa = PBXFileReference; fileEncoding = 4; lastKnownFileType = sourcecode.swift; path = TournamentCell.swift; sourceTree = "<group>"; };
		9FC9E6701E7ED9C700AA1CDC /* TournamentCell.xib */ = {isa = PBXFileReference; fileEncoding = 4; lastKnownFileType = file.xib; path = TournamentCell.xib; sourceTree = "<group>"; };
		9FC9E6721E80A04500AA1CDC /* MasterViewController.swift */ = {isa = PBXFileReference; fileEncoding = 4; lastKnownFileType = sourcecode.swift; path = MasterViewController.swift; sourceTree = "<group>"; };
		9FC9E6761E80A57200AA1CDC /* LeaderboardViewController.swift */ = {isa = PBXFileReference; fileEncoding = 4; lastKnownFileType = sourcecode.swift; path = LeaderboardViewController.swift; sourceTree = "<group>"; };
		9FC9E6781E8106A400AA1CDC /* BaseTournamentViewController.swift */ = {isa = PBXFileReference; fileEncoding = 4; lastKnownFileType = sourcecode.swift; path = BaseTournamentViewController.swift; sourceTree = "<group>"; };
/* End PBXFileReference section */

/* Begin PBXFrameworksBuildPhase section */
		9F98532A1E7D3EC00089AAE6 /* Frameworks */ = {
			isa = PBXFrameworksBuildPhase;
			buildActionMask = 2147483647;
			files = (
			);
			runOnlyForDeploymentPostprocessing = 0;
		};
/* End PBXFrameworksBuildPhase section */

/* Begin PBXGroup section */
		2AAF54A91E811BCD00BD4105 /* Extensions */ = {
			isa = PBXGroup;
			children = (
				2AAF54B11E81215300BD4105 /* NavigationControllerExtension.swift */,
				2AAF54AF1E811FCF00BD4105 /* StoryboardExtension.swift */,
				2AAF54AA1E811BCD00BD4105 /* UserDefaultsExtension.swift */,
				2AAF54B81E81660E00BD4105 /* ViewExtension.swift */,
				2AAF54BE1E816D3D00BD4105 /* UITableViewExtension.swift */,
				2AAF54C01E816DA400BD4105 /* UITableViewCellExtension.swift */,
			);
			path = Extensions;
			sourceTree = "<group>";
		};
		9F9853241E7D3EC00089AAE6 = {
			isa = PBXGroup;
			children = (
				9F98532F1E7D3EC00089AAE6 /* TournamentScorer */,
				9F98532E1E7D3EC00089AAE6 /* Products */,
			);
			sourceTree = "<group>";
		};
		9F98532E1E7D3EC00089AAE6 /* Products */ = {
			isa = PBXGroup;
			children = (
				9F98532D1E7D3EC00089AAE6 /* TournamentScorer.app */,
			);
			name = Products;
			sourceTree = "<group>";
		};
		9F98532F1E7D3EC00089AAE6 /* TournamentScorer */ = {
			isa = PBXGroup;
			children = (
				9F9853651E7DF1DB0089AAE6 /* Cells */,
				2AAF54A91E811BCD00BD4105 /* Extensions */,
				9F9853551E7D4B120089AAE6 /* Resources */,
				9F9853501E7D4AE40089AAE6 /* Models */,
				9F9853521E7D4AE40089AAE6 /* ViewControllers */,
			);
			path = TournamentScorer;
			sourceTree = "<group>";
		};
		9F9853501E7D4AE40089AAE6 /* Models */ = {
			isa = PBXGroup;
			children = (
				9F98536A1E7DF7AD0089AAE6 /* Game.swift */,
				9F9853631E7DF08C0089AAE6 /* Player.swift */,
				9F9853701E7E60870089AAE6 /* Score.swift */,
				9F98536E1E7E08D10089AAE6 /* Team.swift */,
				9F98536C1E7E08050089AAE6 /* Tournament.swift */,
				2AAF54A41E7FD42500BD4105 /* TournamentScorer.swift */,
			);
			path = Models;
			sourceTree = "<group>";
		};
		9F9853521E7D4AE40089AAE6 /* ViewControllers */ = {
			isa = PBXGroup;
			children = (
				9FC9E6781E8106A400AA1CDC /* BaseTournamentViewController.swift */,
				2AAF54BA1E816BFC00BD4105 /* EditTournamentViewController.swift */,
				2AAF54BC1E816C6C00BD4105 /* EditTournamentViewController.xib */,
				9FC9E6761E80A57200AA1CDC /* LeaderboardViewController.swift */,
				9FC9E6721E80A04500AA1CDC /* MasterViewController.swift */,
				9F9853531E7D4AE40089AAE6 /* TournamentsViewController.swift */,
			);
			path = ViewControllers;
			sourceTree = "<group>";
		};
		9F9853551E7D4B120089AAE6 /* Resources */ = {
			isa = PBXGroup;
			children = (
				9F98535A1E7D4B470089AAE6 /* AppDelegate.swift */,
				9F9853561E7D4B120089AAE6 /* Assets.xcassets */,
				9F9853571E7D4B120089AAE6 /* Info.plist */,
				9F98535C1E7D4B470089AAE6 /* LaunchScreen.storyboard */,
				2AAF54AC1E811F0500BD4105 /* Main.storyboard */,
				9F98535E1E7D4B470089AAE6 /* Tournament.storyboard */,
			);
			path = Resources;
			sourceTree = "<group>";
		};
		9F9853651E7DF1DB0089AAE6 /* Cells */ = {
			isa = PBXGroup;
			children = (
				2AAF54B31E8156E500BD4105 /* AddFooterView.swift */,
				2AAF54B51E8156F800BD4105 /* AddFooterView.xib */,
				9F9853661E7DF1EA0089AAE6 /* PlayerSummaryCell.swift */,
				9F9853681E7DF2D00089AAE6 /* PlayerSummaryCell.xib */,
				9FC9E66E1E7ED9BC00AA1CDC /* TournamentCell.swift */,
				9FC9E6701E7ED9C700AA1CDC /* TournamentCell.xib */,
			);
			path = Cells;
			sourceTree = "<group>";
		};
/* End PBXGroup section */

/* Begin PBXNativeTarget section */
		9F98532C1E7D3EC00089AAE6 /* TournamentScorer */ = {
			isa = PBXNativeTarget;
			buildConfigurationList = 9F98534A1E7D3EC00089AAE6 /* Build configuration list for PBXNativeTarget "TournamentScorer" */;
			buildPhases = (
				9F9853291E7D3EC00089AAE6 /* Sources */,
				9F98532A1E7D3EC00089AAE6 /* Frameworks */,
				9F98532B1E7D3EC00089AAE6 /* Resources */,
			);
			buildRules = (
			);
			dependencies = (
			);
			name = TournamentScorer;
			productName = DoublesScorer;
			productReference = 9F98532D1E7D3EC00089AAE6 /* TournamentScorer.app */;
			productType = "com.apple.product-type.application";
		};
/* End PBXNativeTarget section */

/* Begin PBXProject section */
		9F9853251E7D3EC00089AAE6 /* Project object */ = {
			isa = PBXProject;
			attributes = {
				LastSwiftUpdateCheck = 0820;
				LastUpgradeCheck = 0820;
				ORGANIZATIONNAME = Mike;
				TargetAttributes = {
					9F98532C1E7D3EC00089AAE6 = {
						CreatedOnToolsVersion = 8.2.1;
						DevelopmentTeam = XA4GYR69V9;
						ProvisioningStyle = Automatic;
					};
				};
			};
			buildConfigurationList = 9F9853281E7D3EC00089AAE6 /* Build configuration list for PBXProject "TournamentScorer" */;
			compatibilityVersion = "Xcode 3.2";
			developmentRegion = English;
			hasScannedForEncodings = 0;
			knownRegions = (
				en,
				Base,
			);
			mainGroup = 9F9853241E7D3EC00089AAE6;
			productRefGroup = 9F98532E1E7D3EC00089AAE6 /* Products */;
			projectDirPath = "";
			projectRoot = "";
			targets = (
				9F98532C1E7D3EC00089AAE6 /* TournamentScorer */,
			);
		};
/* End PBXProject section */

/* Begin PBXResourcesBuildPhase section */
		9F98532B1E7D3EC00089AAE6 /* Resources */ = {
			isa = PBXResourcesBuildPhase;
			buildActionMask = 2147483647;
			files = (
				2AAF54AE1E811F0500BD4105 /* Main.storyboard in Resources */,
				9F9853611E7D4B470089AAE6 /* LaunchScreen.storyboard in Resources */,
				9F9853581E7D4B120089AAE6 /* Assets.xcassets in Resources */,
				9F9853621E7D4B470089AAE6 /* Tournament.storyboard in Resources */,
				2AAF54B61E8156F800BD4105 /* AddFooterView.xib in Resources */,
				9F9853691E7DF2D00089AAE6 /* PlayerSummaryCell.xib in Resources */,
				2AAF54BD1E816C6C00BD4105 /* EditTournamentViewController.xib in Resources */,
				9FC9E6711E7ED9C700AA1CDC /* TournamentCell.xib in Resources */,
			);
			runOnlyForDeploymentPostprocessing = 0;
		};
/* End PBXResourcesBuildPhase section */

/* Begin PBXSourcesBuildPhase section */
		9F9853291E7D3EC00089AAE6 /* Sources */ = {
			isa = PBXSourcesBuildPhase;
			buildActionMask = 2147483647;
			files = (
				2AAF54B91E81660E00BD4105 /* ViewExtension.swift in Sources */,
				9FC9E6731E80A04500AA1CDC /* MasterViewController.swift in Sources */,
				9F98536D1E7E08050089AAE6 /* Tournament.swift in Sources */,
				9F9853601E7D4B470089AAE6 /* AppDelegate.swift in Sources */,
				9F9853711E7E60870089AAE6 /* Score.swift in Sources */,
				9F98536F1E7E08D10089AAE6 /* Team.swift in Sources */,
				2AAF54A51E7FD42500BD4105 /* TournamentScorer.swift in Sources */,
				9FC9E66F1E7ED9BC00AA1CDC /* TournamentCell.swift in Sources */,
				2AAF54B21E81215300BD4105 /* NavigationControllerExtension.swift in Sources */,
				9F98536B1E7DF7AD0089AAE6 /* Game.swift in Sources */,
				2AAF54B41E8156E500BD4105 /* AddFooterView.swift in Sources */,
				2AAF54BF1E816D3D00BD4105 /* UITableViewExtension.swift in Sources */,
				9F9853671E7DF1EA0089AAE6 /* PlayerSummaryCell.swift in Sources */,
				9FC9E6791E8106A400AA1CDC /* BaseTournamentViewController.swift in Sources */,
				9FC9E6771E80A57200AA1CDC /* LeaderboardViewController.swift in Sources */,
				9F9853641E7DF08C0089AAE6 /* Player.swift in Sources */,
				2AAF54AB1E811BCD00BD4105 /* UserDefaultsExtension.swift in Sources */,
				2AAF54B01E811FCF00BD4105 /* StoryboardExtension.swift in Sources */,
				2AAF54C11E816DA400BD4105 /* UITableViewCellExtension.swift in Sources */,
				9F9853541E7D4AE40089AAE6 /* TournamentsViewController.swift in Sources */,
				2AAF54BB1E816BFC00BD4105 /* EditTournamentViewController.swift in Sources */,
			);
			runOnlyForDeploymentPostprocessing = 0;
		};
/* End PBXSourcesBuildPhase section */

/* Begin PBXVariantGroup section */
		2AAF54AC1E811F0500BD4105 /* Main.storyboard */ = {
			isa = PBXVariantGroup;
			children = (
				2AAF54AD1E811F0500BD4105 /* Base */,
			);
			name = Main.storyboard;
			sourceTree = "<group>";
		};
		9F98535C1E7D4B470089AAE6 /* LaunchScreen.storyboard */ = {
			isa = PBXVariantGroup;
			children = (
				9F98535D1E7D4B470089AAE6 /* Base */,
			);
			name = LaunchScreen.storyboard;
			path = Base.lproj;
			sourceTree = "<group>";
		};
		9F98535E1E7D4B470089AAE6 /* Tournament.storyboard */ = {
			isa = PBXVariantGroup;
			children = (
				9F98535F1E7D4B470089AAE6 /* Base */,
			);
			name = Tournament.storyboard;
			path = Base.lproj;
			sourceTree = "<group>";
		};
/* End PBXVariantGroup section */

/* Begin XCBuildConfiguration section */
		9F9853481E7D3EC00089AAE6 /* Debug */ = {
			isa = XCBuildConfiguration;
			buildSettings = {
				ALWAYS_SEARCH_USER_PATHS = NO;
				CLANG_ANALYZER_NONNULL = YES;
				CLANG_CXX_LANGUAGE_STANDARD = "gnu++0x";
				CLANG_CXX_LIBRARY = "libc++";
				CLANG_ENABLE_MODULES = YES;
				CLANG_ENABLE_OBJC_ARC = YES;
				CLANG_WARN_BOOL_CONVERSION = YES;
				CLANG_WARN_CONSTANT_CONVERSION = YES;
				CLANG_WARN_DIRECT_OBJC_ISA_USAGE = YES_ERROR;
				CLANG_WARN_DOCUMENTATION_COMMENTS = YES;
				CLANG_WARN_EMPTY_BODY = YES;
				CLANG_WARN_ENUM_CONVERSION = YES;
				CLANG_WARN_INFINITE_RECURSION = YES;
				CLANG_WARN_INT_CONVERSION = YES;
				CLANG_WARN_OBJC_ROOT_CLASS = YES_ERROR;
				CLANG_WARN_SUSPICIOUS_MOVE = YES;
				CLANG_WARN_UNREACHABLE_CODE = YES;
				CLANG_WARN__DUPLICATE_METHOD_MATCH = YES;
				"CODE_SIGN_IDENTITY[sdk=iphoneos*]" = "iPhone Developer";
				COPY_PHASE_STRIP = NO;
				DEBUG_INFORMATION_FORMAT = dwarf;
				ENABLE_STRICT_OBJC_MSGSEND = YES;
				ENABLE_TESTABILITY = YES;
				GCC_C_LANGUAGE_STANDARD = gnu99;
				GCC_DYNAMIC_NO_PIC = NO;
				GCC_NO_COMMON_BLOCKS = YES;
				GCC_OPTIMIZATION_LEVEL = 0;
				GCC_PREPROCESSOR_DEFINITIONS = (
					"DEBUG=1",
					"$(inherited)",
				);
				GCC_WARN_64_TO_32_BIT_CONVERSION = YES;
				GCC_WARN_ABOUT_RETURN_TYPE = YES_ERROR;
				GCC_WARN_UNDECLARED_SELECTOR = YES;
				GCC_WARN_UNINITIALIZED_AUTOS = YES_AGGRESSIVE;
				GCC_WARN_UNUSED_FUNCTION = YES;
				GCC_WARN_UNUSED_VARIABLE = YES;
				IPHONEOS_DEPLOYMENT_TARGET = 10.2;
				MTL_ENABLE_DEBUG_INFO = YES;
				ONLY_ACTIVE_ARCH = YES;
				SDKROOT = iphoneos;
				SWIFT_ACTIVE_COMPILATION_CONDITIONS = DEBUG;
				SWIFT_OPTIMIZATION_LEVEL = "-Onone";
				TARGETED_DEVICE_FAMILY = "1,2";
			};
			name = Debug;
		};
		9F9853491E7D3EC00089AAE6 /* Release */ = {
			isa = XCBuildConfiguration;
			buildSettings = {
				ALWAYS_SEARCH_USER_PATHS = NO;
				CLANG_ANALYZER_NONNULL = YES;
				CLANG_CXX_LANGUAGE_STANDARD = "gnu++0x";
				CLANG_CXX_LIBRARY = "libc++";
				CLANG_ENABLE_MODULES = YES;
				CLANG_ENABLE_OBJC_ARC = YES;
				CLANG_WARN_BOOL_CONVERSION = YES;
				CLANG_WARN_CONSTANT_CONVERSION = YES;
				CLANG_WARN_DIRECT_OBJC_ISA_USAGE = YES_ERROR;
				CLANG_WARN_DOCUMENTATION_COMMENTS = YES;
				CLANG_WARN_EMPTY_BODY = YES;
				CLANG_WARN_ENUM_CONVERSION = YES;
				CLANG_WARN_INFINITE_RECURSION = YES;
				CLANG_WARN_INT_CONVERSION = YES;
				CLANG_WARN_OBJC_ROOT_CLASS = YES_ERROR;
				CLANG_WARN_SUSPICIOUS_MOVE = YES;
				CLANG_WARN_UNREACHABLE_CODE = YES;
				CLANG_WARN__DUPLICATE_METHOD_MATCH = YES;
				"CODE_SIGN_IDENTITY[sdk=iphoneos*]" = "iPhone Developer";
				COPY_PHASE_STRIP = NO;
				DEBUG_INFORMATION_FORMAT = "dwarf-with-dsym";
				ENABLE_NS_ASSERTIONS = NO;
				ENABLE_STRICT_OBJC_MSGSEND = YES;
				GCC_C_LANGUAGE_STANDARD = gnu99;
				GCC_NO_COMMON_BLOCKS = YES;
				GCC_WARN_64_TO_32_BIT_CONVERSION = YES;
				GCC_WARN_ABOUT_RETURN_TYPE = YES_ERROR;
				GCC_WARN_UNDECLARED_SELECTOR = YES;
				GCC_WARN_UNINITIALIZED_AUTOS = YES_AGGRESSIVE;
				GCC_WARN_UNUSED_FUNCTION = YES;
				GCC_WARN_UNUSED_VARIABLE = YES;
				IPHONEOS_DEPLOYMENT_TARGET = 10.2;
				MTL_ENABLE_DEBUG_INFO = NO;
				SDKROOT = iphoneos;
				SWIFT_OPTIMIZATION_LEVEL = "-Owholemodule";
				TARGETED_DEVICE_FAMILY = "1,2";
				VALIDATE_PRODUCT = YES;
			};
			name = Release;
		};
		9F98534B1E7D3EC00089AAE6 /* Debug */ = {
			isa = XCBuildConfiguration;
			buildSettings = {
				ASSETCATALOG_COMPILER_APPICON_NAME = AppIcon;
				DEVELOPMENT_TEAM = XA4GYR69V9;
				INFOPLIST_FILE = TournamentScorer/Resources/Info.plist;
				LD_RUNPATH_SEARCH_PATHS = "$(inherited) @executable_path/Frameworks";
				PRODUCT_BUNDLE_IDENTIFIER = mike.TournamentScorer;
				PRODUCT_NAME = "$(TARGET_NAME)";
				SWIFT_VERSION = 3.0;
			};
			name = Debug;
		};
		9F98534C1E7D3EC00089AAE6 /* Release */ = {
			isa = XCBuildConfiguration;
			buildSettings = {
				ASSETCATALOG_COMPILER_APPICON_NAME = AppIcon;
				DEVELOPMENT_TEAM = XA4GYR69V9;
				INFOPLIST_FILE = TournamentScorer/Resources/Info.plist;
				LD_RUNPATH_SEARCH_PATHS = "$(inherited) @executable_path/Frameworks";
				PRODUCT_BUNDLE_IDENTIFIER = mike.TournamentScorer;
				PRODUCT_NAME = "$(TARGET_NAME)";
				SWIFT_VERSION = 3.0;
			};
			name = Release;
		};
/* End XCBuildConfiguration section */

/* Begin XCConfigurationList section */
		9F9853281E7D3EC00089AAE6 /* Build configuration list for PBXProject "TournamentScorer" */ = {
			isa = XCConfigurationList;
			buildConfigurations = (
				9F9853481E7D3EC00089AAE6 /* Debug */,
				9F9853491E7D3EC00089AAE6 /* Release */,
			);
			defaultConfigurationIsVisible = 0;
			defaultConfigurationName = Release;
		};
		9F98534A1E7D3EC00089AAE6 /* Build configuration list for PBXNativeTarget "TournamentScorer" */ = {
			isa = XCConfigurationList;
			buildConfigurations = (
				9F98534B1E7D3EC00089AAE6 /* Debug */,
				9F98534C1E7D3EC00089AAE6 /* Release */,
			);
			defaultConfigurationIsVisible = 0;
			defaultConfigurationName = Release;
		};
/* End XCConfigurationList section */
	};
	rootObject = 9F9853251E7D3EC00089AAE6 /* Project object */;
}
